// !$*UTF8*$!
{
	archiveVersion = 1;
	classes = {
	};
	objectVersion = 56;
	objects = {

/* Begin PBXBuildFile section */
		483EBB6129B61715008335A2 /* EarthquakeManager.swift in Sources */ = {isa = PBXBuildFile; fileRef = 483EBB6029B61715008335A2 /* EarthquakeManager.swift */; };
		483EBB6329B61F8C008335A2 /* EarthquakeManagerData.swift in Sources */ = {isa = PBXBuildFile; fileRef = 483EBB6229B61F8C008335A2 /* EarthquakeManagerData.swift */; };
		483EBB6829B74DB6008335A2 /* EarthquakeTableViewCell.swift in Sources */ = {isa = PBXBuildFile; fileRef = 483EBB6629B74DB6008335A2 /* EarthquakeTableViewCell.swift */; };
		483EBB6929B74DB6008335A2 /* EarthquakeTableViewCell.xib in Resources */ = {isa = PBXBuildFile; fileRef = 483EBB6729B74DB6008335A2 /* EarthquakeTableViewCell.xib */; };
		48C8BE3929B5FA9B008D5E2C /* AppDelegate.swift in Sources */ = {isa = PBXBuildFile; fileRef = 48C8BE3829B5FA9B008D5E2C /* AppDelegate.swift */; };
		48C8BE3B29B5FA9B008D5E2C /* SceneDelegate.swift in Sources */ = {isa = PBXBuildFile; fileRef = 48C8BE3A29B5FA9B008D5E2C /* SceneDelegate.swift */; };
		48C8BE3D29B5FA9B008D5E2C /* ViewController.swift in Sources */ = {isa = PBXBuildFile; fileRef = 48C8BE3C29B5FA9B008D5E2C /* ViewController.swift */; };
		48C8BE4029B5FA9B008D5E2C /* Main.storyboard in Resources */ = {isa = PBXBuildFile; fileRef = 48C8BE3E29B5FA9B008D5E2C /* Main.storyboard */; };
		48C8BE4229B5FA9D008D5E2C /* Assets.xcassets in Resources */ = {isa = PBXBuildFile; fileRef = 48C8BE4129B5FA9D008D5E2C /* Assets.xcassets */; };
		48C8BE4529B5FA9D008D5E2C /* LaunchScreen.storyboard in Resources */ = {isa = PBXBuildFile; fileRef = 48C8BE4329B5FA9D008D5E2C /* LaunchScreen.storyboard */; };
		48C8BE4D29B60521008D5E2C /* EarthquakeListVC.swift in Sources */ = {isa = PBXBuildFile; fileRef = 48C8BE4C29B60521008D5E2C /* EarthquakeListVC.swift */; };
		CA95ED0BB9AA46ED478C3B56 /* Pods_Earthquake.framework in Frameworks */ = {isa = PBXBuildFile; fileRef = F33C0A023A4048528BF19B4F /* Pods_Earthquake.framework */; };
/* End PBXBuildFile section */

/* Begin PBXFileReference section */
		483EBB6029B61715008335A2 /* EarthquakeManager.swift */ = {isa = PBXFileReference; lastKnownFileType = sourcecode.swift; path = EarthquakeManager.swift; sourceTree = "<group>"; };
		483EBB6229B61F8C008335A2 /* EarthquakeManagerData.swift */ = {isa = PBXFileReference; lastKnownFileType = sourcecode.swift; path = EarthquakeManagerData.swift; sourceTree = "<group>"; };
		483EBB6629B74DB6008335A2 /* EarthquakeTableViewCell.swift */ = {isa = PBXFileReference; lastKnownFileType = sourcecode.swift; path = EarthquakeTableViewCell.swift; sourceTree = "<group>"; };
		483EBB6729B74DB6008335A2 /* EarthquakeTableViewCell.xib */ = {isa = PBXFileReference; lastKnownFileType = file.xib; path = EarthquakeTableViewCell.xib; sourceTree = "<group>"; };
		48C8BE3529B5FA9B008D5E2C /* Earthquake.app */ = {isa = PBXFileReference; explicitFileType = wrapper.application; includeInIndex = 0; path = Earthquake.app; sourceTree = BUILT_PRODUCTS_DIR; };
		48C8BE3829B5FA9B008D5E2C /* AppDelegate.swift */ = {isa = PBXFileReference; lastKnownFileType = sourcecode.swift; path = AppDelegate.swift; sourceTree = "<group>"; };
		48C8BE3A29B5FA9B008D5E2C /* SceneDelegate.swift */ = {isa = PBXFileReference; lastKnownFileType = sourcecode.swift; path = SceneDelegate.swift; sourceTree = "<group>"; };
		48C8BE3C29B5FA9B008D5E2C /* ViewController.swift */ = {isa = PBXFileReference; lastKnownFileType = sourcecode.swift; path = ViewController.swift; sourceTree = "<group>"; };
		48C8BE3F29B5FA9B008D5E2C /* Base */ = {isa = PBXFileReference; lastKnownFileType = file.storyboard; name = Base; path = Base.lproj/Main.storyboard; sourceTree = "<group>"; };
		48C8BE4129B5FA9D008D5E2C /* Assets.xcassets */ = {isa = PBXFileReference; lastKnownFileType = folder.assetcatalog; path = Assets.xcassets; sourceTree = "<group>"; };
		48C8BE4429B5FA9D008D5E2C /* Base */ = {isa = PBXFileReference; lastKnownFileType = file.storyboard; name = Base; path = Base.lproj/LaunchScreen.storyboard; sourceTree = "<group>"; };
		48C8BE4629B5FA9D008D5E2C /* Info.plist */ = {isa = PBXFileReference; lastKnownFileType = text.plist.xml; path = Info.plist; sourceTree = "<group>"; };
		48C8BE4C29B60521008D5E2C /* EarthquakeListVC.swift */ = {isa = PBXFileReference; lastKnownFileType = sourcecode.swift; path = EarthquakeListVC.swift; sourceTree = "<group>"; };
		79937D9DCC23C8A09BE7AA6A /* Pods-Earthquake.release.xcconfig */ = {isa = PBXFileReference; includeInIndex = 1; lastKnownFileType = text.xcconfig; name = "Pods-Earthquake.release.xcconfig"; path = "Target Support Files/Pods-Earthquake/Pods-Earthquake.release.xcconfig"; sourceTree = "<group>"; };
		E8F5EA06E37D7FD4FB201995 /* Pods-Earthquake.debug.xcconfig */ = {isa = PBXFileReference; includeInIndex = 1; lastKnownFileType = text.xcconfig; name = "Pods-Earthquake.debug.xcconfig"; path = "Target Support Files/Pods-Earthquake/Pods-Earthquake.debug.xcconfig"; sourceTree = "<group>"; };
		F33C0A023A4048528BF19B4F /* Pods_Earthquake.framework */ = {isa = PBXFileReference; explicitFileType = wrapper.framework; includeInIndex = 0; path = Pods_Earthquake.framework; sourceTree = BUILT_PRODUCTS_DIR; };
/* End PBXFileReference section */

/* Begin PBXFrameworksBuildPhase section */
		48C8BE3229B5FA9B008D5E2C /* Frameworks */ = {
			isa = PBXFrameworksBuildPhase;
			buildActionMask = 2147483647;
			files = (
				CA95ED0BB9AA46ED478C3B56 /* Pods_Earthquake.framework in Frameworks */,
			);
			runOnlyForDeploymentPostprocessing = 0;
		};
/* End PBXFrameworksBuildPhase section */

/* Begin PBXGroup section */
		48C8BE2C29B5FA9B008D5E2C = {
			isa = PBXGroup;
			children = (
				48C8BE3729B5FA9B008D5E2C /* Earthquake */,
				48C8BE3629B5FA9B008D5E2C /* Products */,
				D644B9F2834E42AC6F7529A3 /* Pods */,
				B83A2DCE96D1158E2EDBE2B5 /* Frameworks */,
			);
			sourceTree = "<group>";
		};
		48C8BE3629B5FA9B008D5E2C /* Products */ = {
			isa = PBXGroup;
			children = (
				48C8BE3529B5FA9B008D5E2C /* Earthquake.app */,
			);
			name = Products;
			sourceTree = "<group>";
		};
		48C8BE3729B5FA9B008D5E2C /* Earthquake */ = {
			isa = PBXGroup;
			children = (
				48C8BE3829B5FA9B008D5E2C /* AppDelegate.swift */,
				48C8BE3A29B5FA9B008D5E2C /* SceneDelegate.swift */,
				48C8BE3C29B5FA9B008D5E2C /* ViewController.swift */,
				48C8BE4C29B60521008D5E2C /* EarthquakeListVC.swift */,
				483EBB6029B61715008335A2 /* EarthquakeManager.swift */,
				483EBB6229B61F8C008335A2 /* EarthquakeManagerData.swift */,
				48C8BE3E29B5FA9B008D5E2C /* Main.storyboard */,
				48C8BE4129B5FA9D008D5E2C /* Assets.xcassets */,
				48C8BE4329B5FA9D008D5E2C /* LaunchScreen.storyboard */,
				48C8BE4629B5FA9D008D5E2C /* Info.plist */,
				483EBB6629B74DB6008335A2 /* EarthquakeTableViewCell.swift */,
				483EBB6729B74DB6008335A2 /* EarthquakeTableViewCell.xib */,
			);
			path = Earthquake;
			sourceTree = "<group>";
		};
		B83A2DCE96D1158E2EDBE2B5 /* Frameworks */ = {
			isa = PBXGroup;
			children = (
				F33C0A023A4048528BF19B4F /* Pods_Earthquake.framework */,
			);
			name = Frameworks;
			sourceTree = "<group>";
		};
		D644B9F2834E42AC6F7529A3 /* Pods */ = {
			isa = PBXGroup;
			children = (
				E8F5EA06E37D7FD4FB201995 /* Pods-Earthquake.debug.xcconfig */,
				79937D9DCC23C8A09BE7AA6A /* Pods-Earthquake.release.xcconfig */,
			);
			name = Pods;
			path = Pods;
			sourceTree = "<group>";
		};
/* End PBXGroup section */

/* Begin PBXNativeTarget section */
		48C8BE3429B5FA9B008D5E2C /* Earthquake */ = {
			isa = PBXNativeTarget;
			buildConfigurationList = 48C8BE4929B5FA9D008D5E2C /* Build configuration list for PBXNativeTarget "Earthquake" */;
			buildPhases = (
				20648A65A6239776A13491AE /* [CP] Check Pods Manifest.lock */,
				48C8BE3129B5FA9B008D5E2C /* Sources */,
				48C8BE3229B5FA9B008D5E2C /* Frameworks */,
				48C8BE3329B5FA9B008D5E2C /* Resources */,
				64A3D1E1D6515EF36B68B1DC /* [CP] Embed Pods Frameworks */,
			);
			buildRules = (
			);
			dependencies = (
			);
			name = Earthquake;
			productName = Earthquake;
			productReference = 48C8BE3529B5FA9B008D5E2C /* Earthquake.app */;
			productType = "com.apple.product-type.application";
		};
/* End PBXNativeTarget section */

/* Begin PBXProject section */
		48C8BE2D29B5FA9B008D5E2C /* Project object */ = {
			isa = PBXProject;
			attributes = {
				BuildIndependentTargetsInParallel = 1;
				LastSwiftUpdateCheck = 1410;
				LastUpgradeCheck = 1410;
				TargetAttributes = {
					48C8BE3429B5FA9B008D5E2C = {
						CreatedOnToolsVersion = 14.1;
					};
				};
			};
			buildConfigurationList = 48C8BE3029B5FA9B008D5E2C /* Build configuration list for PBXProject "Earthquake" */;
			compatibilityVersion = "Xcode 14.0";
			developmentRegion = en;
			hasScannedForEncodings = 0;
			knownRegions = (
				en,
				Base,
			);
			mainGroup = 48C8BE2C29B5FA9B008D5E2C;
			productRefGroup = 48C8BE3629B5FA9B008D5E2C /* Products */;
			projectDirPath = "";
			projectRoot = "";
			targets = (
				48C8BE3429B5FA9B008D5E2C /* Earthquake */,
			);
		};
/* End PBXProject section */

/* Begin PBXResourcesBuildPhase section */
		48C8BE3329B5FA9B008D5E2C /* Resources */ = {
			isa = PBXResourcesBuildPhase;
			buildActionMask = 2147483647;
			files = (
				48C8BE4529B5FA9D008D5E2C /* LaunchScreen.storyboard in Resources */,
				48C8BE4229B5FA9D008D5E2C /* Assets.xcassets in Resources */,
				483EBB6929B74DB6008335A2 /* EarthquakeTableViewCell.xib in Resources */,
				48C8BE4029B5FA9B008D5E2C /* Main.storyboard in Resources */,
			);
			runOnlyForDeploymentPostprocessing = 0;
		};
/* End PBXResourcesBuildPhase section */

/* Begin PBXShellScriptBuildPhase section */
		20648A65A6239776A13491AE /* [CP] Check Pods Manifest.lock */ = {
			isa = PBXShellScriptBuildPhase;
			buildActionMask = 2147483647;
			files = (
			);
			inputFileListPaths = (
			);
			inputPaths = (
				"${PODS_PODFILE_DIR_PATH}/Podfile.lock",
				"${PODS_ROOT}/Manifest.lock",
			);
			name = "[CP] Check Pods Manifest.lock";
			outputFileListPaths = (
			);
			outputPaths = (
				"$(DERIVED_FILE_DIR)/Pods-Earthquake-checkManifestLockResult.txt",
			);
			runOnlyForDeploymentPostprocessing = 0;
			shellPath = /bin/sh;
			shellScript = "diff \"${PODS_PODFILE_DIR_PATH}/Podfile.lock\" \"${PODS_ROOT}/Manifest.lock\" > /dev/null\nif [ $? != 0 ] ; then\n    # print error to STDERR\n    echo \"error: The sandbox is not in sync with the Podfile.lock. Run 'pod install' or update your CocoaPods installation.\" >&2\n    exit 1\nfi\n# This output is used by Xcode 'outputs' to avoid re-running this script phase.\necho \"SUCCESS\" > \"${SCRIPT_OUTPUT_FILE_0}\"\n";
			showEnvVarsInLog = 0;
		};
		64A3D1E1D6515EF36B68B1DC /* [CP] Embed Pods Frameworks */ = {
			isa = PBXShellScriptBuildPhase;
			buildActionMask = 2147483647;
			files = (
			);
			inputFileListPaths = (
				"${PODS_ROOT}/Target Support Files/Pods-Earthquake/Pods-Earthquake-frameworks-${CONFIGURATION}-input-files.xcfilelist",
			);
			name = "[CP] Embed Pods Frameworks";
			outputFileListPaths = (
				"${PODS_ROOT}/Target Support Files/Pods-Earthquake/Pods-Earthquake-frameworks-${CONFIGURATION}-output-files.xcfilelist",
			);
			runOnlyForDeploymentPostprocessing = 0;
			shellPath = /bin/sh;
			shellScript = "\"${PODS_ROOT}/Target Support Files/Pods-Earthquake/Pods-Earthquake-frameworks.sh\"\n";
			showEnvVarsInLog = 0;
		};
/* End PBXShellScriptBuildPhase section */

/* Begin PBXSourcesBuildPhase section */
		48C8BE3129B5FA9B008D5E2C /* Sources */ = {
			isa = PBXSourcesBuildPhase;
			buildActionMask = 2147483647;
			files = (
				483EBB6129B61715008335A2 /* EarthquakeManager.swift in Sources */,
				48C8BE3D29B5FA9B008D5E2C /* ViewController.swift in Sources */,
				48C8BE4D29B60521008D5E2C /* EarthquakeListVC.swift in Sources */,
				48C8BE3929B5FA9B008D5E2C /* AppDelegate.swift in Sources */,
				483EBB6329B61F8C008335A2 /* EarthquakeManagerData.swift in Sources */,
				48C8BE3B29B5FA9B008D5E2C /* SceneDelegate.swift in Sources */,
				483EBB6829B74DB6008335A2 /* EarthquakeTableViewCell.swift in Sources */,
			);
			runOnlyForDeploymentPostprocessing = 0;
		};
/* End PBXSourcesBuildPhase section */

/* Begin PBXVariantGroup section */
		48C8BE3E29B5FA9B008D5E2C /* Main.storyboard */ = {
			isa = PBXVariantGroup;
			children = (
				48C8BE3F29B5FA9B008D5E2C /* Base */,
			);
			name = Main.storyboard;
			sourceTree = "<group>";
		};
		48C8BE4329B5FA9D008D5E2C /* LaunchScreen.storyboard */ = {
			isa = PBXVariantGroup;
			children = (
				48C8BE4429B5FA9D008D5E2C /* Base */,
			);
			name = LaunchScreen.storyboard;
			sourceTree = "<group>";
		};
/* End PBXVariantGroup section */

/* Begin XCBuildConfiguration section */
		48C8BE4729B5FA9D008D5E2C /* Debug */ = {
			isa = XCBuildConfiguration;
			buildSettings = {
				ALWAYS_SEARCH_USER_PATHS = NO;
				CLANG_ANALYZER_NONNULL = YES;
				CLANG_ANALYZER_NUMBER_OBJECT_CONVERSION = YES_AGGRESSIVE;
				CLANG_CXX_LANGUAGE_STANDARD = "gnu++20";
				CLANG_ENABLE_MODULES = YES;
				CLANG_ENABLE_OBJC_ARC = YES;
				CLANG_ENABLE_OBJC_WEAK = YES;
				CLANG_WARN_BLOCK_CAPTURE_AUTORELEASING = YES;
				CLANG_WARN_BOOL_CONVERSION = YES;
				CLANG_WARN_COMMA = YES;
				CLANG_WARN_CONSTANT_CONVERSION = YES;
				CLANG_WARN_DEPRECATED_OBJC_IMPLEMENTATIONS = YES;
				CLANG_WARN_DIRECT_OBJC_ISA_USAGE = YES_ERROR;
				CLANG_WARN_DOCUMENTATION_COMMENTS = YES;
				CLANG_WARN_EMPTY_BODY = YES;
				CLANG_WARN_ENUM_CONVERSION = YES;
				CLANG_WARN_INFINITE_RECURSION = YES;
				CLANG_WARN_INT_CONVERSION = YES;
				CLANG_WARN_NON_LITERAL_NULL_CONVERSION = YES;
				CLANG_WARN_OBJC_IMPLICIT_RETAIN_SELF = YES;
				CLANG_WARN_OBJC_LITERAL_CONVERSION = YES;
				CLANG_WARN_OBJC_ROOT_CLASS = YES_ERROR;
				CLANG_WARN_QUOTED_INCLUDE_IN_FRAMEWORK_HEADER = YES;
				CLANG_WARN_RANGE_LOOP_ANALYSIS = YES;
				CLANG_WARN_STRICT_PROTOTYPES = YES;
				CLANG_WARN_SUSPICIOUS_MOVE = YES;
				CLANG_WARN_UNGUARDED_AVAILABILITY = YES_AGGRESSIVE;
				CLANG_WARN_UNREACHABLE_CODE = YES;
				CLANG_WARN__DUPLICATE_METHOD_MATCH = YES;
				COPY_PHASE_STRIP = NO;
				DEBUG_INFORMATION_FORMAT = dwarf;
				ENABLE_STRICT_OBJC_MSGSEND = YES;
				ENABLE_TESTABILITY = YES;
				GCC_C_LANGUAGE_STANDARD = gnu11;
				GCC_DYNAMIC_NO_PIC = NO;
				GCC_NO_COMMON_BLOCKS = YES;
				GCC_OPTIMIZATION_LEVEL = 0;
				GCC_PREPROCESSOR_DEFINITIONS = (
					"DEBUG=1",
					"$(inherited)",
				);
				GCC_WARN_64_TO_32_BIT_CONVERSION = YES;
				GCC_WARN_ABOUT_RETURN_TYPE = YES_ERROR;
				GCC_WARN_UNDECLARED_SELECTOR = YES;
				GCC_WARN_UNINITIALIZED_AUTOS = YES_AGGRESSIVE;
				GCC_WARN_UNUSED_FUNCTION = YES;
				GCC_WARN_UNUSED_VARIABLE = YES;
				IPHONEOS_DEPLOYMENT_TARGET = 16.1;
				MTL_ENABLE_DEBUG_INFO = INCLUDE_SOURCE;
				MTL_FAST_MATH = YES;
				ONLY_ACTIVE_ARCH = YES;
				SDKROOT = iphoneos;
				SWIFT_ACTIVE_COMPILATION_CONDITIONS = DEBUG;
				SWIFT_OPTIMIZATION_LEVEL = "-Onone";
			};
			name = Debug;
		};
		48C8BE4829B5FA9D008D5E2C /* Release */ = {
			isa = XCBuildConfiguration;
			buildSettings = {
				ALWAYS_SEARCH_USER_PATHS = NO;
				CLANG_ANALYZER_NONNULL = YES;
				CLANG_ANALYZER_NUMBER_OBJECT_CONVERSION = YES_AGGRESSIVE;
				CLANG_CXX_LANGUAGE_STANDARD = "gnu++20";
				CLANG_ENABLE_MODULES = YES;
				CLANG_ENABLE_OBJC_ARC = YES;
				CLANG_ENABLE_OBJC_WEAK = YES;
				CLANG_WARN_BLOCK_CAPTURE_AUTORELEASING = YES;
				CLANG_WARN_BOOL_CONVERSION = YES;
				CLANG_WARN_COMMA = YES;
				CLANG_WARN_CONSTANT_CONVERSION = YES;
				CLANG_WARN_DEPRECATED_OBJC_IMPLEMENTATIONS = YES;
				CLANG_WARN_DIRECT_OBJC_ISA_USAGE = YES_ERROR;
				CLANG_WARN_DOCUMENTATION_COMMENTS = YES;
				CLANG_WARN_EMPTY_BODY = YES;
				CLANG_WARN_ENUM_CONVERSION = YES;
				CLANG_WARN_INFINITE_RECURSION = YES;
				CLANG_WARN_INT_CONVERSION = YES;
				CLANG_WARN_NON_LITERAL_NULL_CONVERSION = YES;
				CLANG_WARN_OBJC_IMPLICIT_RETAIN_SELF = YES;
				CLANG_WARN_OBJC_LITERAL_CONVERSION = YES;
				CLANG_WARN_OBJC_ROOT_CLASS = YES_ERROR;
				CLANG_WARN_QUOTED_INCLUDE_IN_FRAMEWORK_HEADER = YES;
				CLANG_WARN_RANGE_LOOP_ANALYSIS = YES;
				CLANG_WARN_STRICT_PROTOTYPES = YES;
				CLANG_WARN_SUSPICIOUS_MOVE = YES;
				CLANG_WARN_UNGUARDED_AVAILABILITY = YES_AGGRESSIVE;
				CLANG_WARN_UNREACHABLE_CODE = YES;
				CLANG_WARN__DUPLICATE_METHOD_MATCH = YES;
				COPY_PHASE_STRIP = NO;
				DEBUG_INFORMATION_FORMAT = "dwarf-with-dsym";
				ENABLE_NS_ASSERTIONS = NO;
				ENABLE_STRICT_OBJC_MSGSEND = YES;
				GCC_C_LANGUAGE_STANDARD = gnu11;
				GCC_NO_COMMON_BLOCKS = YES;
				GCC_WARN_64_TO_32_BIT_CONVERSION = YES;
				GCC_WARN_ABOUT_RETURN_TYPE = YES_ERROR;
				GCC_WARN_UNDECLARED_SELECTOR = YES;
				GCC_WARN_UNINITIALIZED_AUTOS = YES_AGGRESSIVE;
				GCC_WARN_UNUSED_FUNCTION = YES;
				GCC_WARN_UNUSED_VARIABLE = YES;
				IPHONEOS_DEPLOYMENT_TARGET = 16.1;
				MTL_ENABLE_DEBUG_INFO = NO;
				MTL_FAST_MATH = YES;
				SDKROOT = iphoneos;
				SWIFT_COMPILATION_MODE = wholemodule;
				SWIFT_OPTIMIZATION_LEVEL = "-O";
				VALIDATE_PRODUCT = YES;
			};
			name = Release;
		};
		48C8BE4A29B5FA9D008D5E2C /* Debug */ = {
			isa = XCBuildConfiguration;
			baseConfigurationReference = E8F5EA06E37D7FD4FB201995 /* Pods-Earthquake.debug.xcconfig */;
			buildSettings = {
				ASSETCATALOG_COMPILER_APPICON_NAME = AppIcon;
				ASSETCATALOG_COMPILER_GLOBAL_ACCENT_COLOR_NAME = AccentColor;
				CODE_SIGN_STYLE = Automatic;
				CURRENT_PROJECT_VERSION = 1;
				DEVELOPMENT_TEAM = 5TH8C5XY6D;
				GENERATE_INFOPLIST_FILE = YES;
				INFOPLIST_FILE = Earthquake/Info.plist;
				INFOPLIST_KEY_UIApplicationSupportsIndirectInputEvents = YES;
				INFOPLIST_KEY_UILaunchStoryboardName = LaunchScreen;
				INFOPLIST_KEY_UIMainStoryboardFile = Main;
				INFOPLIST_KEY_UISupportedInterfaceOrientations_iPad = "UIInterfaceOrientationPortrait UIInterfaceOrientationPortraitUpsideDown UIInterfaceOrientationLandscapeLeft UIInterfaceOrientationLandscapeRight";
				INFOPLIST_KEY_UISupportedInterfaceOrientations_iPhone = "UIInterfaceOrientationPortrait UIInterfaceOrientationLandscapeLeft UIInterfaceOrientationLandscapeRight";
				LD_RUNPATH_SEARCH_PATHS = (
					"$(inherited)",
					"@executable_path/Frameworks",
				);
				MARKETING_VERSION = 1.0;
				PRODUCT_BUNDLE_IDENTIFIER = com.recep.xoproject.Earthquake;
				PRODUCT_NAME = "$(TARGET_NAME)";
				SWIFT_EMIT_LOC_STRINGS = YES;
				SWIFT_VERSION = 5.0;
				TARGETED_DEVICE_FAMILY = "1,2";
			};
			name = Debug;
		};
		48C8BE4B29B5FA9D008D5E2C /* Release */ = {
			isa = XCBuildConfiguration;
			baseConfigurationReference = 79937D9DCC23C8A09BE7AA6A /* Pods-Earthquake.release.xcconfig */;
			buildSettings = {
				ASSETCATALOG_COMPILER_APPICON_NAME = AppIcon;
				ASSETCATALOG_COMPILER_GLOBAL_ACCENT_COLOR_NAME = AccentColor;
				CODE_SIGN_STYLE = Automatic;
				CURRENT_PROJECT_VERSION = 1;
				DEVELOPMENT_TEAM = 5TH8C5XY6D;
				GENERATE_INFOPLIST_FILE = YES;
				INFOPLIST_FILE = Earthquake/Info.plist;
				INFOPLIST_KEY_UIApplicationSupportsIndirectInputEvents = YES;
				INFOPLIST_KEY_UILaunchStoryboardName = LaunchScreen;
				INFOPLIST_KEY_UIMainStoryboardFile = Main;
				INFOPLIST_KEY_UISupportedInterfaceOrientations_iPad = "UIInterfaceOrientationPortrait UIInterfaceOrientationPortraitUpsideDown UIInterfaceOrientationLandscapeLeft UIInterfaceOrientationLandscapeRight";
				INFOPLIST_KEY_UISupportedInterfaceOrientations_iPhone = "UIInterfaceOrientationPortrait UIInterfaceOrientationLandscapeLeft UIInterfaceOrientationLandscapeRight";
				LD_RUNPATH_SEARCH_PATHS = (
					"$(inherited)",
					"@executable_path/Frameworks",
				);
				MARKETING_VERSION = 1.0;
				PRODUCT_BUNDLE_IDENTIFIER = com.recep.xoproject.Earthquake;
				PRODUCT_NAME = "$(TARGET_NAME)";
				SWIFT_EMIT_LOC_STRINGS = YES;
				SWIFT_VERSION = 5.0;
				TARGETED_DEVICE_FAMILY = "1,2";
			};
			name = Release;
		};
/* End XCBuildConfiguration section */

/* Begin XCConfigurationList section */
		48C8BE3029B5FA9B008D5E2C /* Build configuration list for PBXProject "Earthquake" */ = {
			isa = XCConfigurationList;
			buildConfigurations = (
				48C8BE4729B5FA9D008D5E2C /* Debug */,
				48C8BE4829B5FA9D008D5E2C /* Release */,
			);
			defaultConfigurationIsVisible = 0;
			defaultConfigurationName = Release;
		};
		48C8BE4929B5FA9D008D5E2C /* Build configuration list for PBXNativeTarget "Earthquake" */ = {
			isa = XCConfigurationList;
			buildConfigurations = (
				48C8BE4A29B5FA9D008D5E2C /* Debug */,
				48C8BE4B29B5FA9D008D5E2C /* Release */,
			);
			defaultConfigurationIsVisible = 0;
			defaultConfigurationName = Release;
		};
/* End XCConfigurationList section */
	};
	rootObject = 48C8BE2D29B5FA9B008D5E2C /* Project object */;
}
